{
  "version": 4,
  "terraform_version": "1.13.2",
  "serial": 495,
  "lineage": "bc4f0809-a5be-d4a6-c9c6-2ea7d44878e1",
  "outputs": {
    "first7_public_dns": {
      "value": [
        "The dev-subnet-a-instance public DNS: http://ec2-3-87-36-171.compute-1.amazonaws.com"
      ],
      "type": [
        "tuple",
        [
          "string"
        ]
      ]
    },
    "first7_public_ip": {
      "value": [
        "The dev-subnet-a-instance public IP: http://3.87.36.171"
      ],
      "type": [
        "tuple",
        [
          "string"
        ]
      ]
    }
  },
  "resources": [
    {
      "mode": "data",
      "type": "aws_ami",
      "name": "amazon_linux",
      "provider": "provider[\"registry.terraform.io/hashicorp/aws\"]",
      "instances": [
        {
          "schema_version": 0,
          "attributes": {
            "allow_unsafe_filter": null,
            "architecture": "x86_64",
            "arn": "arn:aws:ec2:us-east-1::image/ami-08982f1c5bf93d976",
            "block_device_mappings": [
              {
                "device_name": "/dev/xvda",
                "ebs": {
                  "delete_on_termination": "true",
                  "encrypted": "false",
                  "iops": "3000",
                  "snapshot_id": "snap-0e8ae436bb016efb5",
                  "throughput": "125",
                  "volume_initialization_rate": "0",
                  "volume_size": "8",
                  "volume_type": "gp3"
                },
                "no_device": "",
                "virtual_name": ""
              }
            ],
            "boot_mode": "uefi-preferred",
            "creation_date": "2025-09-10T19:09:27.000Z",
            "deprecation_time": "2025-12-09T19:09:00.000Z",
            "description": "Amazon Linux 2023 AMI 2023.8.20250915.0 x86_64 HVM kernel-6.1",
            "ena_support": true,
            "executable_users": null,
            "filter": [
              {
                "name": "name",
                "values": [
                  "al2023-ami-2023.*-kernel-*-x86_64"
                ]
              }
            ],
            "hypervisor": "xen",
            "id": "ami-08982f1c5bf93d976",
            "image_id": "ami-08982f1c5bf93d976",
            "image_location": "amazon/al2023-ami-2023.8.20250915.0-kernel-6.1-x86_64",
            "image_owner_alias": "amazon",
            "image_type": "machine",
            "imds_support": "v2.0",
            "include_deprecated": false,
            "kernel_id": "",
            "last_launched_time": "",
            "most_recent": true,
            "name": "al2023-ami-2023.8.20250915.0-kernel-6.1-x86_64",
            "name_regex": null,
            "owner_id": "137112412989",
            "owners": [
              "amazon"
            ],
            "platform": "",
            "platform_details": "Linux/UNIX",
            "product_codes": [],
            "public": true,
            "ramdisk_id": "",
            "region": "us-east-1",
            "root_device_name": "/dev/xvda",
            "root_device_type": "ebs",
            "root_snapshot_id": "snap-0e8ae436bb016efb5",
            "sriov_net_support": "simple",
            "state": "available",
            "state_reason": {
              "code": "UNSET",
              "message": "UNSET"
            },
            "tags": {},
            "timeouts": null,
            "tpm_support": "",
            "uefi_data": null,
            "usage_operation": "RunInstances",
            "virtualization_type": "hvm"
          },
          "sensitive_attributes": [],
          "identity_schema_version": 0
        }
      ]
    },
    {
      "mode": "data",
      "type": "aws_availability_zones",
      "name": "public_az",
      "provider": "provider[\"registry.terraform.io/hashicorp/aws\"]",
      "instances": [
        {
          "schema_version": 0,
          "attributes": {
            "all_availability_zones": null,
            "exclude_names": null,
            "exclude_zone_ids": null,
            "filter": null,
            "group_names": [
              "us-east-1-zg-1"
            ],
            "id": "us-east-1",
            "names": [
              "us-east-1a",
              "us-east-1b",
              "us-east-1c",
              "us-east-1d",
              "us-east-1e",
              "us-east-1f"
            ],
            "region": "us-east-1",
            "state": "available",
            "timeouts": null,
            "zone_ids": [
              "use1-az2",
              "use1-az4",
              "use1-az6",
              "use1-az1",
              "use1-az3",
              "use1-az5"
            ]
          },
          "sensitive_attributes": [],
          "identity_schema_version": 0
        }
      ]
    },
    {
      "mode": "managed",
      "type": "aws_instance",
      "name": "first7",
      "provider": "provider[\"registry.terraform.io/hashicorp/aws\"]",
      "instances": [
        {
          "index_key": "dev-subnet-a",
          "schema_version": 2,
          "attributes": {
            "ami": "ami-08982f1c5bf93d976",
            "arn": "arn:aws:ec2:us-east-1:831926592389:instance/i-0ac8e5bd82ee8d2e3",
            "associate_public_ip_address": true,
            "availability_zone": "us-east-1a",
            "capacity_reservation_specification": [
              {
                "capacity_reservation_preference": "open",
                "capacity_reservation_target": []
              }
            ],
            "cpu_options": [
              {
                "amd_sev_snp": "",
                "core_count": 1,
                "threads_per_core": 2
              }
            ],
            "credit_specification": [
              {
                "cpu_credits": "unlimited"
              }
            ],
            "disable_api_stop": false,
            "disable_api_termination": false,
            "ebs_block_device": [],
            "ebs_optimized": false,
            "enable_primary_ipv6": null,
            "enclave_options": [
              {
                "enabled": false
              }
            ],
            "ephemeral_block_device": [],
            "force_destroy": false,
            "get_password_data": false,
            "hibernation": false,
            "host_id": "",
            "host_resource_group_arn": null,
            "iam_instance_profile": "",
            "id": "i-0ac8e5bd82ee8d2e3",
            "instance_initiated_shutdown_behavior": "stop",
            "instance_lifecycle": "",
            "instance_market_options": [],
            "instance_state": "running",
            "instance_type": "t3.micro",
            "ipv6_address_count": 0,
            "ipv6_addresses": [],
            "key_name": "",
            "launch_template": [],
            "maintenance_options": [
              {
                "auto_recovery": "default"
              }
            ],
            "metadata_options": [
              {
                "http_endpoint": "enabled",
                "http_protocol_ipv6": "disabled",
                "http_put_response_hop_limit": 2,
                "http_tokens": "required",
                "instance_metadata_tags": "disabled"
              }
            ],
            "monitoring": false,
            "network_interface": [],
            "outpost_arn": "",
            "password_data": "",
            "placement_group": "",
            "placement_group_id": "",
            "placement_partition_number": 0,
            "primary_network_interface": [
              {
                "delete_on_termination": true,
                "network_interface_id": "eni-0617c5583ff2d14d1"
              }
            ],
            "primary_network_interface_id": "eni-0617c5583ff2d14d1",
            "private_dns": "ip-10-190-0-33.ec2.internal",
            "private_dns_name_options": [
              {
                "enable_resource_name_dns_a_record": false,
                "enable_resource_name_dns_aaaa_record": false,
                "hostname_type": "ip-name"
              }
            ],
            "private_ip": "10.190.0.33",
            "public_dns": "ec2-3-87-36-171.compute-1.amazonaws.com",
            "public_ip": "3.87.36.171",
            "region": "us-east-1",
            "root_block_device": [
              {
                "delete_on_termination": true,
                "device_name": "/dev/xvda",
                "encrypted": false,
                "iops": 3000,
                "kms_key_id": "",
                "tags": {},
                "tags_all": {},
                "throughput": 125,
                "volume_id": "vol-0c5cd3bfba4e411ef",
                "volume_size": 8,
                "volume_type": "gp3"
              }
            ],
            "secondary_private_ips": [],
            "security_groups": [],
            "source_dest_check": true,
            "spot_instance_request_id": "",
            "subnet_id": "subnet-025ea042c30198944",
            "tags": {
              "Environment": "Test",
              "Name": "dev-subnet-a-instance",
              "Owner": "Jaune"
            },
            "tags_all": {
              "Environment": "Test",
              "Name": "dev-subnet-a-instance",
              "Owner": "Jaune"
            },
            "tenancy": "default",
            "timeouts": null,
            "user_data": "#!/bin/bash\n# Use this for your user data (script from top to bottom)\n# install httpd (Linux 2 version)\nyum update -y\nyum install -y httpd\nsystemctl start httpd\nsystemctl enable httpd\n\n# Get the IMDSv2 token\nTOKEN=$(curl -X PUT \"http://169.254.169.254/latest/api/token\" -H \"X-aws-ec2-metadata-token-ttl-seconds: 21600\")\n\n# Background the curl requests\ncurl -H \"X-aws-ec2-metadata-token: $TOKEN\" -s http://169.254.169.254/latest/meta-data/local-ipv4 \u0026\u003e /tmp/local_ipv4 \u0026\ncurl -H \"X-aws-ec2-metadata-token: $TOKEN\" -s http://169.254.169.254/latest/meta-data/placement/availability-zone \u0026\u003e /tmp/az \u0026\ncurl -H \"X-aws-ec2-metadata-token: $TOKEN\" -s http://169.254.169.254/latest/meta-data/network/interfaces/macs/ \u0026\u003e /tmp/macid \u0026\nwait\n\nmacid=$(cat /tmp/macid)\nlocal_ipv4=$(cat /tmp/local_ipv4)\naz=$(cat /tmp/az)\nvpc=$(curl -H \"X-aws-ec2-metadata-token: $TOKEN\" -s http://169.254.169.254/latest/meta-data/network/interfaces/macs/${macid}/vpc-id)\nHOST_NAME=$(hostname -f)\n\n# The shell will replace the variables like $local_ipv4 with the values we got from curl.\n# Using a \"heredoc\" (here document) - a cleaner way to write multi-line text\n# \"cat \u003c\u003c EOF\" means \"output everything until you see 'EOF' on its own line\"\n# This is easier to read than using echo with quotes, especially for HTML\n# '/var/www/html/index.html' is the location of the html script on the new server\ncat \u003c\u003cEOF \u003e /var/www/html/index.html\n\u003c!doctype html\u003e\n\u003chtml lang=\"en\"\u003e\n\u003chead\u003e\n    \u003cmeta charset=\"UTF-8\"\u003e\n    \u003cmeta name=\"viewport\" content=\"width=device-width, initial-scale=1.0\"\u003e\n    \u003ctitle\u003eDetails for EC2 instance\u003c/title\u003e\n    \u003clink rel=\"stylesheet\" href=\"style.css\"\u003e\n\u003c/head\u003e\n\u003cbody\u003e\n    \u003cdiv class=\"container\"\u003e\n        \u003ch1\u003eAWS Instance Details\u003c/h1\u003e\n        \u003ch2\u003eAll done in Terraform with love and Diddy Oil.\u003c/h2\u003e\n        \n        \u003cp\u003eI, Jaune Alcide, thank Suge WAF and My Senpais, For Teaching Me About EC2's in Aws. One Step Closer To Escaping Keisha!\u003c/p\u003e\n        \u003cp\u003e\u003cstrong\u003eWith This Class, I Will Net \u003e\\$500,000 Per Year!\u003c/strong\u003e\u003c/p\u003e\n\n        \u003cdiv class=\"image-gallery\"\u003e\n            \u003cimg class=\"content-image\" src=\"https://i.redd.it/cxr15emq1jl51.jpg\" alt=\"Japanese/Brazilian 1\"\u003e\n            \u003cimg class=\"content-image\" src=\"https://preview.redd.it/do7ztf7zqq971.jpg?width=1080\u0026crop=smart\u0026auto=webp\u0026s=3d3012bb4477c629775efc330bc86657d9a3b185\" alt=\"Japanese/Brazilian 2\"\u003e\n        \u003c/div\u003e\n\n        \u003cdiv class=\"instance-info\"\u003e\n            \u003cp\u003e\u003cb\u003eInstance Name:\u003c/b\u003e ${HOST_NAME}\u003c/p\u003e\n            \u003cp\u003e\u003cb\u003eInstance Private Ip Address: \u003c/b\u003e ${local_ipv4}\u003c/p\u003e\n            \u003cp\u003e\u003cb\u003eAvailability Zone: \u003c/b\u003e ${az}\u003c/p\u003e\n            \u003cp\u003e\u003cb\u003eVirtual Private Cloud (VPC):\u003c/b\u003e ${vpc}\u003c/p\u003e\n        \u003c/div\u003e\n\n        \u003cdiv class=\"button-container\"\u003e\n            \u003ca href=\"https://media.distractify.com/brand-img/b6ZdwIUc-/2160x1131/dank-demoss-posing-1739314188846.jpg\" target=\"_blank\" class=\"repo-button\"\u003e\n                Don't want to read? Great, have this!\n            \u003c/a\u003e\n\n        \u003ca href=\"https://github.com/Jae1-alt/c7_250915_simple_ec2.git\" target=\"_blank\" class=\"repo-button\"\u003e\n            This project's GitHub Repo.\n        \u003c/a\u003e\n    \u003c/div\u003e\n\u003c/body\u003e\n\u003c/html\u003e\nEOF\n\n#Create the CSS file using another Heredoc\ncat \u003c\u003cEOF \u003e /var/www/html/style.css\nbody {\n  font-family: sans-serif;\n  background-image: url('https://wallpapercave.com/wp/wp9099115.jpg');\n  background-size: cover;\n  background-repeat: no-repeat;\n  background-position: center center;\n  background-attachment: fixed;\n  color: white;\n  margin: 0;\n  padding: 20px;\n\n\n  min-height: 100vh; /* Make the body at least the full screen height */\n  display: flex;\n  align-items: center;\n  justify-content: center;\n  box-sizing: border-box;\n  padding: 20px 0; /* Add padding top/bottom */\n}\n\n.container {\n  max-width: 75%; /* CHANGED: Was 95%, now narrower */\n  margin: 0 auto; /* Keep it centered horizontally */\n  padding: 30px;\n  text-align: center;\n  border: 3px solid #3498db;\n  border-radius: 15px;\n  background-color: rgba(44, 62, 80, 0.85);\n  box-shadow: 0 10px 30px rgba(0, 0, 0, 0.5);\n}\n\nh1 {\n  text-shadow: 2px 2px 4px rgba(0, 0, 0, 0.7);\n}\n\n.image-gallery {\n  display: flex;\n  justify-content: center;\n  flex-wrap: wrap; /* Allows images to wrap to the next line */\n  gap: 20px;\n  margin-top: 20px;\n  margin-bottom: 20px;\n}\n\n.content-image {\n  flex: 1 1 360px;  /* CHANGED: Base size increased from 300px to 360px (20% larger) */\n  max-width: 420px; /* CHANGED: Max size increased from 350px to 420px (20% larger) */\n  height: auto;\n  border: 2px solid #ecf0f1;\n  border-radius: 5px;\n}\n\n.instance-info {\n  margin-top: 30px;\n  text-align: left;\n  display: inline-block;\n}\n\n.button-container {\n    margin-top: 40px;\n    display: flex;\n    flex-direction: column;\n    align-items: center;\n    gap: 15px;\n}\n\n.repo-button {\n  display: inline-block;\n  padding: 15px 30px; /* CHANGED: Padding increased by ~25% for a larger button */\n  font-size: 1.1em;   /* CHANGED: Font size increased slightly to match */\n  background-image: linear-gradient(45deg, #3498db 0%, #8e44ad 100%);\n  color: white;\n  text-decoration: none;\n  font-weight: bold;\n  border-radius: 50px;\n  border: none;\n  box-shadow: 0 4px 15px rgba(0, 0, 0, 0.3);\n  text-shadow: 1px 1px 2px rgba(0, 0, 0, 0.4);\n  transition: all 0.3s ease;\n}\n\n.repo-button:hover {\n  transform: translateY(-3px);\n  box-shadow: 0 8px 25px rgba(0, 0, 0, 0.5);\n}\nEOF\n\n# Clean up the temp files\nrm -f /tmp/local_ipv4 /tmp/az /tmp/macid",
            "user_data_base64": null,
            "user_data_replace_on_change": false,
            "volume_tags": null,
            "vpc_security_group_ids": [
              "sg-0ce6e93509378c0da"
            ]
          },
          "sensitive_attributes": [],
          "identity_schema_version": 0,
          "identity": {
            "account_id": "831926592389",
            "id": "i-0ac8e5bd82ee8d2e3",
            "region": "us-east-1"
          },
          "private": "eyJlMmJmYjczMC1lY2FhLTExZTYtOGY4OC0zNDM2M2JjN2M0YzAiOnsiY3JlYXRlIjo2MDAwMDAwMDAwMDAsImRlbGV0ZSI6MTIwMDAwMDAwMDAwMCwicmVhZCI6OTAwMDAwMDAwMDAwLCJ1cGRhdGUiOjYwMDAwMDAwMDAwMH0sInNjaGVtYV92ZXJzaW9uIjoiMiJ9",
          "dependencies": [
            "aws_security_group.allow_http_ssh",
            "aws_subnet.public_subnet",
            "aws_vpc.main_1",
            "data.aws_ami.amazon_linux",
            "data.aws_availability_zones.public_az"
          ]
        }
      ]
    },
    {
      "mode": "managed",
      "type": "aws_internet_gateway",
      "name": "gw",
      "provider": "provider[\"registry.terraform.io/hashicorp/aws\"]",
      "instances": [
        {
          "schema_version": 0,
          "attributes": {
            "arn": "arn:aws:ec2:us-east-1:831926592389:internet-gateway/igw-036f8602cb3d0b03a",
            "id": "igw-036f8602cb3d0b03a",
            "owner_id": "831926592389",
            "region": "us-east-1",
            "tags": {
              "Environment": "Test",
              "Name": "c7_2_brazil",
              "Owner": "Jaune"
            },
            "tags_all": {
              "Environment": "Test",
              "Name": "c7_2_brazil",
              "Owner": "Jaune"
            },
            "timeouts": null,
            "vpc_id": "vpc-0dbfaf953b81aed42"
          },
          "sensitive_attributes": [],
          "identity_schema_version": 0,
          "private": "eyJlMmJmYjczMC1lY2FhLTExZTYtOGY4OC0zNDM2M2JjN2M0YzAiOnsiY3JlYXRlIjoxMjAwMDAwMDAwMDAwLCJkZWxldGUiOjEyMDAwMDAwMDAwMDAsInVwZGF0ZSI6MTIwMDAwMDAwMDAwMH19",
          "dependencies": [
            "aws_vpc.main_1"
          ]
        }
      ]
    },
    {
      "mode": "managed",
      "type": "aws_route_table",
      "name": "public_rt",
      "provider": "provider[\"registry.terraform.io/hashicorp/aws\"]",
      "instances": [
        {
          "schema_version": 0,
          "attributes": {
            "arn": "arn:aws:ec2:us-east-1:831926592389:route-table/rtb-075f1dc302339d647",
            "id": "rtb-075f1dc302339d647",
            "owner_id": "831926592389",
            "propagating_vgws": [],
            "region": "us-east-1",
            "route": [
              {
                "carrier_gateway_id": "",
                "cidr_block": "0.0.0.0/0",
                "core_network_arn": "",
                "destination_prefix_list_id": "",
                "egress_only_gateway_id": "",
                "gateway_id": "igw-036f8602cb3d0b03a",
                "ipv6_cidr_block": "",
                "local_gateway_id": "",
                "nat_gateway_id": "",
                "network_interface_id": "",
                "transit_gateway_id": "",
                "vpc_endpoint_id": "",
                "vpc_peering_connection_id": ""
              }
            ],
            "tags": {
              "Name": "c7_2_brazil public-route-table"
            },
            "tags_all": {
              "Name": "c7_2_brazil public-route-table"
            },
            "timeouts": null,
            "vpc_id": "vpc-0dbfaf953b81aed42"
          },
          "sensitive_attributes": [],
          "identity_schema_version": 0,
          "identity": {
            "account_id": "831926592389",
            "id": "rtb-075f1dc302339d647",
            "region": "us-east-1"
          },
          "private": "eyJlMmJmYjczMC1lY2FhLTExZTYtOGY4OC0zNDM2M2JjN2M0YzAiOnsiY3JlYXRlIjozMDAwMDAwMDAwMDAsImRlbGV0ZSI6MzAwMDAwMDAwMDAwLCJ1cGRhdGUiOjEyMDAwMDAwMDAwMH19",
          "dependencies": [
            "aws_internet_gateway.gw",
            "aws_vpc.main_1"
          ]
        }
      ]
    },
    {
      "mode": "managed",
      "type": "aws_route_table_association",
      "name": "public_subnet_assoc",
      "provider": "provider[\"registry.terraform.io/hashicorp/aws\"]",
      "instances": [
        {
          "index_key": "dev-subnet-a",
          "schema_version": 0,
          "attributes": {
            "gateway_id": "",
            "id": "rtbassoc-0ca04e1694d21bd4d",
            "region": "us-east-1",
            "route_table_id": "rtb-075f1dc302339d647",
            "subnet_id": "subnet-025ea042c30198944",
            "timeouts": null
          },
          "sensitive_attributes": [],
          "identity_schema_version": 0,
          "private": "eyJlMmJmYjczMC1lY2FhLTExZTYtOGY4OC0zNDM2M2JjN2M0YzAiOnsiY3JlYXRlIjozMDAwMDAwMDAwMDAsImRlbGV0ZSI6MzAwMDAwMDAwMDAwLCJ1cGRhdGUiOjEyMDAwMDAwMDAwMH19",
          "dependencies": [
            "aws_internet_gateway.gw",
            "aws_route_table.public_rt",
            "aws_subnet.public_subnet",
            "aws_vpc.main_1",
            "data.aws_availability_zones.public_az"
          ]
        }
      ]
    },
    {
      "mode": "managed",
      "type": "aws_security_group",
      "name": "allow_http_ssh",
      "provider": "provider[\"registry.terraform.io/hashicorp/aws\"]",
      "instances": [
        {
          "schema_version": 1,
          "attributes": {
            "arn": "arn:aws:ec2:us-east-1:831926592389:security-group/sg-0ce6e93509378c0da",
            "description": "Allow http \u0026 ssh inbound traffic and all outbound traffic",
            "egress": [],
            "id": "sg-0ce6e93509378c0da",
            "ingress": [],
            "name": "allow_http_ssh",
            "name_prefix": "",
            "owner_id": "831926592389",
            "region": "us-east-1",
            "revoke_rules_on_delete": false,
            "tags": {
              "Name": "allow_http_ssh"
            },
            "tags_all": {
              "Name": "allow_http_ssh"
            },
            "timeouts": null,
            "vpc_id": "vpc-0dbfaf953b81aed42"
          },
          "sensitive_attributes": [],
          "identity_schema_version": 0,
          "identity": {
            "account_id": "831926592389",
            "id": "sg-0ce6e93509378c0da",
            "region": "us-east-1"
          },
          "private": "eyJlMmJmYjczMC1lY2FhLTExZTYtOGY4OC0zNDM2M2JjN2M0YzAiOnsiY3JlYXRlIjo2MDAwMDAwMDAwMDAsImRlbGV0ZSI6OTAwMDAwMDAwMDAwfSwic2NoZW1hX3ZlcnNpb24iOiIxIn0=",
          "dependencies": [
            "aws_vpc.main_1"
          ]
        }
      ]
    },
    {
      "mode": "managed",
      "type": "aws_subnet",
      "name": "public_subnet",
      "provider": "provider[\"registry.terraform.io/hashicorp/aws\"]",
      "instances": [
        {
          "index_key": "dev-subnet-a",
          "schema_version": 1,
          "attributes": {
            "arn": "arn:aws:ec2:us-east-1:831926592389:subnet/subnet-025ea042c30198944",
            "assign_ipv6_address_on_creation": false,
            "availability_zone": "us-east-1a",
            "availability_zone_id": "use1-az2",
            "cidr_block": "10.190.0.0/24",
            "customer_owned_ipv4_pool": "",
            "enable_dns64": false,
            "enable_lni_at_device_index": 0,
            "enable_resource_name_dns_a_record_on_launch": false,
            "enable_resource_name_dns_aaaa_record_on_launch": false,
            "id": "subnet-025ea042c30198944",
            "ipv6_cidr_block": "",
            "ipv6_cidr_block_association_id": "",
            "ipv6_native": false,
            "map_customer_owned_ip_on_launch": false,
            "map_public_ip_on_launch": true,
            "outpost_arn": "",
            "owner_id": "831926592389",
            "private_dns_hostname_type_on_launch": "ip-name",
            "region": "us-east-1",
            "tags": {
              "Environment": "Test",
              "Name": "dev-subnet-a",
              "Owner": "Jaune"
            },
            "tags_all": {
              "Environment": "Test",
              "Name": "dev-subnet-a",
              "Owner": "Jaune"
            },
            "timeouts": null,
            "vpc_id": "vpc-0dbfaf953b81aed42"
          },
          "sensitive_attributes": [],
          "identity_schema_version": 0,
          "identity": {
            "account_id": "831926592389",
            "id": "subnet-025ea042c30198944",
            "region": "us-east-1"
          },
          "private": "eyJlMmJmYjczMC1lY2FhLTExZTYtOGY4OC0zNDM2M2JjN2M0YzAiOnsiY3JlYXRlIjo2MDAwMDAwMDAwMDAsImRlbGV0ZSI6MTIwMDAwMDAwMDAwMH0sInNjaGVtYV92ZXJzaW9uIjoiMSJ9",
          "dependencies": [
            "aws_vpc.main_1",
            "data.aws_availability_zones.public_az"
          ]
        }
      ]
    },
    {
      "mode": "managed",
      "type": "aws_vpc",
      "name": "main_1",
      "provider": "provider[\"registry.terraform.io/hashicorp/aws\"]",
      "instances": [
        {
          "schema_version": 1,
          "attributes": {
            "arn": "arn:aws:ec2:us-east-1:831926592389:vpc/vpc-0dbfaf953b81aed42",
            "assign_generated_ipv6_cidr_block": false,
            "cidr_block": "10.190.0.0/16",
            "default_network_acl_id": "acl-00e13b83166ee531a",
            "default_route_table_id": "rtb-04ea7ee453c361bec",
            "default_security_group_id": "sg-06a80a343082403ef",
            "dhcp_options_id": "dopt-0c511ebc75fc87aad",
            "enable_dns_hostnames": true,
            "enable_dns_support": true,
            "enable_network_address_usage_metrics": false,
            "id": "vpc-0dbfaf953b81aed42",
            "instance_tenancy": "default",
            "ipv4_ipam_pool_id": null,
            "ipv4_netmask_length": null,
            "ipv6_association_id": "",
            "ipv6_cidr_block": "",
            "ipv6_cidr_block_network_border_group": "",
            "ipv6_ipam_pool_id": "",
            "ipv6_netmask_length": 0,
            "main_route_table_id": "rtb-04ea7ee453c361bec",
            "owner_id": "831926592389",
            "region": "us-east-1",
            "tags": {
              "Environment": "Test",
              "Name": "c7_2_brazil",
              "Owner": "Jaune"
            },
            "tags_all": {
              "Environment": "Test",
              "Name": "c7_2_brazil",
              "Owner": "Jaune"
            }
          },
          "sensitive_attributes": [],
          "identity_schema_version": 0,
          "private": "eyJzY2hlbWFfdmVyc2lvbiI6IjEifQ=="
        }
      ]
    },
    {
      "mode": "managed",
      "type": "aws_vpc_security_group_egress_rule",
      "name": "allow_all_traffic_ipv4",
      "provider": "provider[\"registry.terraform.io/hashicorp/aws\"]",
      "instances": [
        {
          "schema_version": 0,
          "attributes": {
            "arn": "arn:aws:ec2:us-east-1:831926592389:security-group-rule/sgr-0865a63d706dd35e1",
            "cidr_ipv4": "0.0.0.0/0",
            "cidr_ipv6": null,
            "description": null,
            "from_port": null,
            "id": "sgr-0865a63d706dd35e1",
            "ip_protocol": "-1",
            "prefix_list_id": null,
            "referenced_security_group_id": null,
            "region": "us-east-1",
            "security_group_id": "sg-0ce6e93509378c0da",
            "security_group_rule_id": "sgr-0865a63d706dd35e1",
            "tags": null,
            "tags_all": {},
            "to_port": null
          },
          "sensitive_attributes": [],
          "identity_schema_version": 0,
          "identity": {
            "account_id": "831926592389",
            "id": "sgr-0865a63d706dd35e1",
            "region": "us-east-1"
          },
          "dependencies": [
            "aws_security_group.allow_http_ssh",
            "aws_vpc.main_1"
          ]
        }
      ]
    },
    {
      "mode": "managed",
      "type": "aws_vpc_security_group_ingress_rule",
      "name": "allow_http_ipv4",
      "provider": "provider[\"registry.terraform.io/hashicorp/aws\"]",
      "instances": [
        {
          "schema_version": 0,
          "attributes": {
            "arn": "arn:aws:ec2:us-east-1:831926592389:security-group-rule/sgr-0674d57cab400f518",
            "cidr_ipv4": "0.0.0.0/0",
            "cidr_ipv6": null,
            "description": null,
            "from_port": 80,
            "id": "sgr-0674d57cab400f518",
            "ip_protocol": "tcp",
            "prefix_list_id": null,
            "referenced_security_group_id": null,
            "region": "us-east-1",
            "security_group_id": "sg-0ce6e93509378c0da",
            "security_group_rule_id": "sgr-0674d57cab400f518",
            "tags": null,
            "tags_all": {},
            "to_port": 80
          },
          "sensitive_attributes": [],
          "identity_schema_version": 0,
          "identity": {
            "account_id": "831926592389",
            "id": "sgr-0674d57cab400f518",
            "region": "us-east-1"
          },
          "dependencies": [
            "aws_security_group.allow_http_ssh",
            "aws_vpc.main_1"
          ]
        }
      ]
    },
    {
      "mode": "managed",
      "type": "aws_vpc_security_group_ingress_rule",
      "name": "allow_ssh_ipv4",
      "provider": "provider[\"registry.terraform.io/hashicorp/aws\"]",
      "instances": [
        {
          "schema_version": 0,
          "attributes": {
            "arn": "arn:aws:ec2:us-east-1:831926592389:security-group-rule/sgr-0b13c6998ceecf7bd",
            "cidr_ipv4": "0.0.0.0/0",
            "cidr_ipv6": null,
            "description": null,
            "from_port": 22,
            "id": "sgr-0b13c6998ceecf7bd",
            "ip_protocol": "tcp",
            "prefix_list_id": null,
            "referenced_security_group_id": null,
            "region": "us-east-1",
            "security_group_id": "sg-0ce6e93509378c0da",
            "security_group_rule_id": "sgr-0b13c6998ceecf7bd",
            "tags": null,
            "tags_all": {},
            "to_port": 22
          },
          "sensitive_attributes": [],
          "identity_schema_version": 0,
          "identity": {
            "account_id": "831926592389",
            "id": "sgr-0b13c6998ceecf7bd",
            "region": "us-east-1"
          },
          "dependencies": [
            "aws_security_group.allow_http_ssh",
            "aws_vpc.main_1"
          ]
        }
      ]
    }
  ],
  "check_results": null
}
